
Microsoft Visual Studio Solution File, Format Version 12.00
# 
Project("{FAE04EC0-301F-11D3-BF4B-00C04F79EFBC}") = "Tests", "Tests\Tests.csproj", "{4938E7A0-BAA5-49FF-9ADA-26C28494FF4D}"
EndProject
Project("{FAE04EC0-301F-11D3-BF4B-00C04F79EFBC}") = "eCommerce", "..\eCommerce\eCommerce.csproj", "{1C5A2F26-544F-4E42-A14A-4A0D3437ED8C}"
EndProject
Global
	GlobalSection(SolutionConfigurationPlatforms) = preSolution
		Debug|Any CPU = Debug|Any CPU
		Release|Any CPU = Release|Any CPU
	EndGlobalSection
	GlobalSection(ProjectConfigurationPlatforms) = postSolution
		{4938E7A0-BAA5-49FF-9ADA-26C28494FF4D}.Debug|Any CPU.ActiveCfg = Debug|Any CPU
		{4938E7A0-BAA5-49FF-9ADA-26C28494FF4D}.Debug|Any CPU.Build.0 = Debug|Any CPU
		{4938E7A0-BAA5-49FF-9ADA-26C28494FF4D}.Release|Any CPU.ActiveCfg = Release|Any CPU
		{4938E7A0-BAA5-49FF-9ADA-26C28494FF4D}.Release|Any CPU.Build.0 = Release|Any CPU
		{1C5A2F26-544F-4E42-A14A-4A0D3437ED8C}.Debug|Any CPU.ActiveCfg = Debug|Any CPU
		{1C5A2F26-544F-4E42-A14A-4A0D3437ED8C}.Debug|Any CPU.Build.0 = Debug|Any CPU
		{1C5A2F26-544F-4E42-A14A-4A0D3437ED8C}.Release|Any CPU.ActiveCfg = Release|Any CPU
		{1C5A2F26-544F-4E42-A14A-4A0D3437ED8C}.Release|Any CPU.Build.0 = Release|Any CPU
	EndGlobalSection
EndGlobal
